<?xml version="1.0" encoding="UTF-8" standalone="yes" ?>
<CodeBlocks_project_file>
	<FileVersion major="1" minor="6" />
	<Project>
		<Option title="Micetopia" />
		<Option makefile="$(GDK)/makefile.gen" />
		<Option makefile_is_custom="1" />
		<Option pch_mode="0" />
		<Option compiler="smd_compiler_sgdk_180dev" />
		<MakeCommands>
			<Build command="" />
			<CompileFile command="" />
			<Clean command="" />
			<DistClean command="" />
			<AskRebuildNeeded command="" />
			<SilentBuild command=" &gt; $(CMD_NULL)" />
		</MakeCommands>
		<Build>
			<Target title="debug">
				<Option output="out/rom.out" prefix_auto="0" extension_auto="0" />
				<Option object_output="." />
				<Option deps_output="." />
				<Option type="1" />
				<Option compiler="smd_compiler_sgdk_180dev" />
				<Option projectResourceIncludeDirsRelation="1" />
				<ExtraCommands>
					<Add after="$(#smd.run_cur_emul) $(#smd.rom)" />
					<Mode after="always" />
				</ExtraCommands>
				<MakeCommands>
					<Build command="$make -f $makefile $target" />
					<CompileFile command="$make -f $makefile $file" />
					<Clean command="$make -f $makefile clean$target" />
					<DistClean command="$make -f $makefile clean" />
					<AskRebuildNeeded command="$make -q -f $makefile $target" />
					<SilentBuild command="$make -f $makefile $target &gt; $(CMD_NULL)" />
				</MakeCommands>
			</Target>
			<Target title="release">
				<Option output="out/rom.bin" prefix_auto="0" extension_auto="0" />
				<Option object_output="." />
				<Option deps_output="." />
				<Option type="1" />
				<Option compiler="smd_compiler_sgdk_180dev" />
				<Option projectResourceIncludeDirsRelation="1" />
				<ExtraCommands>
					<Add after="$(#smd.run_cur_emul) $(#smd.rom)" />
					<Mode after="always" />
				</ExtraCommands>
				<MakeCommands>
					<Build command="$make -f $makefile $target" />
					<CompileFile command="$make -f $makefile $file" />
					<Clean command="$make -f $makefile clean$target" />
					<DistClean command="$make -f $makefile clean" />
					<AskRebuildNeeded command="$make -q -f $makefile $target" />
					<SilentBuild command="$make -f $makefile $target &gt; $(CMD_NULL)" />
				</MakeCommands>
			</Target>
		</Build>
		<Unit filename="development/maps/map_test_1/png/map1.c">
			<Option compilerVar="CC" />
		</Unit>
		<Unit filename="inc/camera.h" />
		<Unit filename="inc/collision.h" />
		<Unit filename="inc/colmap.h" />
		<Unit filename="inc/debug.h" />
		<Unit filename="inc/defs.h" />
		<Unit filename="inc/entities.h" />
		<Unit filename="inc/gfx.h" />
		<Unit filename="inc/global.h" />
		<Unit filename="inc/hud.h" />
		<Unit filename="inc/input.h" />
		<Unit filename="inc/level.h" />
		<Unit filename="inc/lvl_gen.h" />
		<Unit filename="inc/obj_debug.h" />
		<Unit filename="inc/physics.h" />
		<Unit filename="inc/player.h" />
		<Unit filename="inc/tile.h" />
		<Unit filename="inc/types.h" />
		<Unit filename="res/sound/jump.wav" />
		<Unit filename="res/sound/sonic2Emerald.vgm" />
		<Unit filename="res/sounds.h" />
		<Unit filename="res/sounds.res" />
		<Unit filename="res/sprites.h" />
		<Unit filename="res/sprites.res" />
		<Unit filename="res/tilemaps.h" />
		<Unit filename="res/tilemaps.res" />
		<Unit filename="src/boot/rom_head.c">
			<Option compilerVar="CC" />
		</Unit>
		<Unit filename="src/boot/sega.s" />
		<Unit filename="src/camera.c">
			<Option compilerVar="CC" />
		</Unit>
		<Unit filename="src/collision.c">
			<Option compilerVar="CC" />
		</Unit>
		<Unit filename="src/colmap.c">
			<Option compilerVar="CC" />
		</Unit>
		<Unit filename="src/debug.c">
			<Option compilerVar="CC" />
		</Unit>
		<Unit filename="src/entities.c">
			<Option compilerVar="CC" />
		</Unit>
		<Unit filename="src/gfx.c">
			<Option compilerVar="CC" />
		</Unit>
		<Unit filename="src/global.c">
			<Option compilerVar="CC" />
		</Unit>
		<Unit filename="src/hud.c">
			<Option compilerVar="CC" />
		</Unit>
		<Unit filename="src/hud.h" />
		<Unit filename="src/input.c">
			<Option compilerVar="CC" />
		</Unit>
		<Unit filename="src/level.c">
			<Option compilerVar="CC" />
		</Unit>
		<Unit filename="src/lvl_gen.c">
			<Option compilerVar="CC" />
		</Unit>
		<Unit filename="src/main.c">
			<Option compilerVar="CC" />
		</Unit>
		<Unit filename="src/obj_debug.c">
			<Option compilerVar="CC" />
		</Unit>
		<Unit filename="src/pfsm/fsm.c">
			<Option compilerVar="CC" />
		</Unit>
		<Unit filename="src/pfsm/fsm.h" />
		<Unit filename="src/pfsm/state.c">
			<Option compilerVar="CC" />
		</Unit>
		<Unit filename="src/pfsm/state.h" />
		<Unit filename="src/pfsm/states/air_attack.c">
			<Option compilerVar="CC" />
		</Unit>
		<Unit filename="src/pfsm/states/air_attack.h" />
		<Unit filename="src/pfsm/states/air_attack_state.c">
			<Option compilerVar="CC" />
		</Unit>
		<Unit filename="src/pfsm/states/air_attack_state.h" />
		<Unit filename="src/pfsm/states/attack.c">
			<Option compilerVar="CC" />
		</Unit>
		<Unit filename="src/pfsm/states/attack.h" />
		<Unit filename="src/pfsm/states/attack_state.c">
			<Option compilerVar="CC" />
		</Unit>
		<Unit filename="src/pfsm/states/attack_state.h" />
		<Unit filename="src/pfsm/states/fall.c">
			<Option compilerVar="CC" />
		</Unit>
		<Unit filename="src/pfsm/states/fall.h" />
		<Unit filename="src/pfsm/states/fall_state.c">
			<Option compilerVar="CC" />
		</Unit>
		<Unit filename="src/pfsm/states/fall_state.h" />
		<Unit filename="src/pfsm/states/idle.c">
			<Option compilerVar="CC" />
		</Unit>
		<Unit filename="src/pfsm/states/idle.h" />
		<Unit filename="src/pfsm/states/idle_state.c">
			<Option compilerVar="CC" />
		</Unit>
		<Unit filename="src/pfsm/states/idle_state.h" />
		<Unit filename="src/pfsm/states/jump.c">
			<Option compilerVar="CC" />
		</Unit>
		<Unit filename="src/pfsm/states/jump.h" />
		<Unit filename="src/pfsm/states/jump_state.c">
			<Option compilerVar="CC" />
		</Unit>
		<Unit filename="src/pfsm/states/jump_state.h" />
		<Unit filename="src/pfsm/states/walk.c">
			<Option compilerVar="CC" />
		</Unit>
		<Unit filename="src/pfsm/states/walk.h" />
		<Unit filename="src/pfsm/states/walk_state.c">
			<Option compilerVar="CC" />
		</Unit>
		<Unit filename="src/pfsm/states/walk_state.h" />
		<Unit filename="src/physics.c">
			<Option compilerVar="CC" />
		</Unit>
		<Unit filename="src/player.c">
			<Option compilerVar="CC" />
		</Unit>
		<Unit filename="src/tile.c">
			<Option compilerVar="CC" />
		</Unit>
		<Unit filename="src/types.c">
			<Option compilerVar="CC" />
		</Unit>
		<Extensions>
			<DoxyBlocks>
				<comment_style block="0" line="0" />
				<doxyfile_project />
				<doxyfile_build />
				<doxyfile_warnings />
				<doxyfile_output />
				<doxyfile_dot />
				<general />
			</DoxyBlocks>
			<code_completion>
				<search_path add="D:\Apps\SGDK\inc" />
			</code_completion>
			<debugger>
				<remote_debugging>
					<options conn_type="0" serial_baud="115200" ip_address="localhost" ip_port="1234" />
				</remote_debugging>
				<remote_debugging target="release">
					<options conn_type="0" serial_baud="115200" ip_address="localhost" ip_port="1234" />
				</remote_debugging>
				<remote_debugging target="debug">
					<options conn_type="0" serial_baud="115200" ip_address="localhost" ip_port="1234" />
				</remote_debugging>
			</debugger>
			<editor_config active="1" use_tabs="0" tab_indents="1" tab_width="4" indent="4" eol_mode="2" />
			<envvars set="sgdk180dev" />
		</Extensions>
	</Project>
</CodeBlocks_project_file>
